
Microsoft Visual Studio Solution File, Format Version 12.00
# Visual Studio Version 17
VisualStudioVersion = 17.13.35806.99 d17.13
MinimumVisualStudioVersion = 10.0.40219.1
Project("{FAE04EC0-301F-11D3-BF4B-00C04F79EFBC}") = "ProductsApp", "ProductsApp\ProductsApp.csproj", "{0A787F24-7896-45B2-BADE-CC1E6729598D}"
EndProject
Project("{FAE04EC0-301F-11D3-BF4B-00C04F79EFBC}") = "ProductsApp.Tests", "ProductsApp.Tests\ProductsApp.Tests.csproj", "{79FF0ED2-AE24-4668-94B5-C9D645AF8C60}"
EndProject
Global
	GlobalSection(SolutionConfigurationPlatforms) = preSolution
		Debug|Any CPU = Debug|Any CPU
		Release|Any CPU = Release|Any CPU
	EndGlobalSection
	GlobalSection(ProjectConfigurationPlatforms) = postSolution
		{0A787F24-7896-45B2-BADE-CC1E6729598D}.Debug|Any CPU.ActiveCfg = Debug|Any CPU
		{0A787F24-7896-45B2-BADE-CC1E6729598D}.Debug|Any CPU.Build.0 = Debug|Any CPU
		{0A787F24-7896-45B2-BADE-CC1E6729598D}.Release|Any CPU.ActiveCfg = Release|Any CPU
		{0A787F24-7896-45B2-BADE-CC1E6729598D}.Release|Any CPU.Build.0 = Release|Any CPU
		{79FF0ED2-AE24-4668-94B5-C9D645AF8C60}.Debug|Any CPU.ActiveCfg = Debug|Any CPU
		{79FF0ED2-AE24-4668-94B5-C9D645AF8C60}.Debug|Any CPU.Build.0 = Debug|Any CPU
		{79FF0ED2-AE24-4668-94B5-C9D645AF8C60}.Release|Any CPU.ActiveCfg = Release|Any CPU
		{79FF0ED2-AE24-4668-94B5-C9D645AF8C60}.Release|Any CPU.Build.0 = Release|Any CPU
	EndGlobalSection
	GlobalSection(SolutionProperties) = preSolution
		HideSolutionNode = FALSE
	EndGlobalSection
	GlobalSection(ExtensibilityGlobals) = postSolution
		SolutionGuid = {C13346CC-429A-4E2F-9C96-29F39506E26C}
	EndGlobalSection
EndGlobal
